
Microsoft Visual Studio Solution File, Format Version 12.00
# Visual Studio Version 16
VisualStudioVersion = 16.0.29519.181
MinimumVisualStudioVersion = 10.0.40219.1
Project("{9A19103F-16F7-4668-BE54-9A1E7A4F7556}") = "ExploreItGame", "ExploreItGame\ExploreItGame.csproj", "{F70749F8-AA07-487F-B9B3-41048C8B870F}"
EndProject
Project("{2150E333-8FDC-42A3-9474-1A3956D46DE8}") = "dlls", "dlls", "{FA522820-2C90-4B86-8883-21BBC112E867}"
	ProjectSection(SolutionItems) = preProject
		dlls\libFLAC-8.dll = dlls\libFLAC-8.dll
		dlls\libfreetype-6.dll = dlls\libfreetype-6.dll
		dlls\libjpeg-9.dll = dlls\libjpeg-9.dll
		dlls\libmodplug-1.dll = dlls\libmodplug-1.dll
		dlls\libmpg123-0.dll = dlls\libmpg123-0.dll
		dlls\libogg-0.dll = dlls\libogg-0.dll
		dlls\libopus-0.dll = dlls\libopus-0.dll
		dlls\libopusfile-0.dll = dlls\libopusfile-0.dll
		dlls\libpng16-16.dll = dlls\libpng16-16.dll
		dlls\libtiff-5.dll = dlls\libtiff-5.dll
		dlls\libvorbis-0.dll = dlls\libvorbis-0.dll
		dlls\libvorbisfile-3.dll = dlls\libvorbisfile-3.dll
		dlls\libwebp-7.dll = dlls\libwebp-7.dll
		dlls\LICENSE.freetype.txt = dlls\LICENSE.freetype.txt
		dlls\LICENSE.zlib.txt = dlls\LICENSE.zlib.txt
		dlls\README.txt = dlls\README.txt
		dlls\SDL2.dll = dlls\SDL2.dll
		dlls\SDL2_image.dll = dlls\SDL2_image.dll
		dlls\SDL2_mixer.dll = dlls\SDL2_mixer.dll
		dlls\SDL2_ttf.dll = dlls\SDL2_ttf.dll
		dlls\zlib1.dll = dlls\zlib1.dll
	EndProjectSection
EndProject
Project("{9A19103F-16F7-4668-BE54-9A1E7A4F7556}") = "LevelEditor", "LevelEditor\LevelEditor.csproj", "{20508048-FC9E-46E6-A9F7-096E7D0D5B89}"
EndProject
Project("{9A19103F-16F7-4668-BE54-9A1E7A4F7556}") = "GameEngine", "GameEngine\GameEngine.csproj", "{A1FBC1A2-8E1A-425F-8839-4813F1865E5F}"
EndProject
Global
	GlobalSection(SolutionConfigurationPlatforms) = preSolution
		Debug|Any CPU = Debug|Any CPU
		Release|Any CPU = Release|Any CPU
	EndGlobalSection
	GlobalSection(ProjectConfigurationPlatforms) = postSolution
		{F70749F8-AA07-487F-B9B3-41048C8B870F}.Debug|Any CPU.ActiveCfg = Debug|Any CPU
		{F70749F8-AA07-487F-B9B3-41048C8B870F}.Debug|Any CPU.Build.0 = Debug|Any CPU
		{F70749F8-AA07-487F-B9B3-41048C8B870F}.Release|Any CPU.ActiveCfg = Release|Any CPU
		{F70749F8-AA07-487F-B9B3-41048C8B870F}.Release|Any CPU.Build.0 = Release|Any CPU
		{20508048-FC9E-46E6-A9F7-096E7D0D5B89}.Debug|Any CPU.ActiveCfg = Debug|Any CPU
		{20508048-FC9E-46E6-A9F7-096E7D0D5B89}.Debug|Any CPU.Build.0 = Debug|Any CPU
		{20508048-FC9E-46E6-A9F7-096E7D0D5B89}.Release|Any CPU.ActiveCfg = Release|Any CPU
		{20508048-FC9E-46E6-A9F7-096E7D0D5B89}.Release|Any CPU.Build.0 = Release|Any CPU
		{A1FBC1A2-8E1A-425F-8839-4813F1865E5F}.Debug|Any CPU.ActiveCfg = Debug|Any CPU
		{A1FBC1A2-8E1A-425F-8839-4813F1865E5F}.Debug|Any CPU.Build.0 = Debug|Any CPU
		{A1FBC1A2-8E1A-425F-8839-4813F1865E5F}.Release|Any CPU.ActiveCfg = Release|Any CPU
		{A1FBC1A2-8E1A-425F-8839-4813F1865E5F}.Release|Any CPU.Build.0 = Release|Any CPU
	EndGlobalSection
	GlobalSection(SolutionProperties) = preSolution
		HideSolutionNode = FALSE
	EndGlobalSection
	GlobalSection(ExtensibilityGlobals) = postSolution
		SolutionGuid = {8551F922-445B-4C6A-A74D-753D26955957}
	EndGlobalSection
EndGlobal
